
Microsoft Visual Studio Solution File, Format Version 12.00
# Visual Studio Version 17
VisualStudioVersion = 17.14.36401.2 d17.14
MinimumVisualStudioVersion = 10.0.40219.1
Project("{FAE04EC0-301F-11D3-BF4B-00C04F79EFBC}") = "RestaurantManagementSystem", "RestaurantManagementSystem.csproj", "{ECF5E159-031C-484B-8794-6E9F07F6AF46}"
EndProject
Global
	GlobalSection(SolutionConfigurationPlatforms) = preSolution
		Debug|Any CPU = Debug|Any CPU
		Release|Any CPU = Release|Any CPU
	EndGlobalSection
	GlobalSection(ProjectConfigurationPlatforms) = postSolution
		{ECF5E159-031C-484B-8794-6E9F07F6AF46}.Debug|Any CPU.ActiveCfg = Debug|Any CPU
		{ECF5E159-031C-484B-8794-6E9F07F6AF46}.Debug|Any CPU.Build.0 = Debug|Any CPU
		{ECF5E159-031C-484B-8794-6E9F07F6AF46}.Release|Any CPU.ActiveCfg = Release|Any CPU
		{ECF5E159-031C-484B-8794-6E9F07F6AF46}.Release|Any CPU.Build.0 = Release|Any CPU
	EndGlobalSection
	GlobalSection(SolutionProperties) = preSolution
		HideSolutionNode = FALSE
	EndGlobalSection
	GlobalSection(ExtensibilityGlobals) = postSolution
		SolutionGuid = {691A9D13-EFA8-4CED-B35A-0CD477D1C0DD}
	EndGlobalSection
EndGlobal
